{
  "nodes": {
    "flake-utils": {
      "inputs": {
        "systems": "systems"
      },
      "locked": {
        "lastModified": 1710146030,
        "narHash": "sha256-SZ5L6eA7HJ/nmkzGG7/ISclqe6oZdOZTNoesiInkXPQ=",
        "owner": "numtide",
        "repo": "flake-utils",
        "rev": "b1d9ab70662946ef0850d488da1c9019f3a9752a",
        "type": "github"
      },
      "original": {
        "owner": "numtide",
        "repo": "flake-utils",
        "type": "github"
      }
    },
    "libmodplug-win32": {
      "inputs": {
        "libmodplug_src": "libmodplug_src",
        "nixpkgs": [
          "nixpkgs"
        ],
        "tinycmmc": [
          "tinycmmc"
        ]
      },
      "locked": {
        "lastModified": 1712097214,
        "narHash": "sha256-4L8wi+A5eKevKcjxLMhXvvHpolUMAyaejjohJmPOSBE=",
        "owner": "grumnix",
        "repo": "libmodplug-win32",
        "rev": "34cd19009c09b43e1d9b7dea7e95142ff5a6d15e",
        "type": "github"
      },
      "original": {
        "owner": "grumnix",
        "repo": "libmodplug-win32",
        "type": "github"
      }
    },
    "libmodplug_src": {
      "flake": false,
      "locked": {
        "lastModified": 1493040202,
        "narHash": "sha256-jNHspgIcrv5AUEgq2MB4TSqbj//tTCXiOoSqYjShGkw=",
        "type": "tarball",
        "url": "https://downloads.sourceforge.net/project/modplug-xmms/libmodplug/0.8.9.0/libmodplug-0.8.9.0.tar.gz"
      },
      "original": {
        "type": "tarball",
        "url": "https://downloads.sourceforge.net/project/modplug-xmms/libmodplug/0.8.9.0/libmodplug-0.8.9.0.tar.gz"
      }
    },
    "libogg-win32": {
      "inputs": {
        "libogg_src": "libogg_src",
        "nixpkgs": [
          "nixpkgs"
        ],
        "tinycmmc": [
          "tinycmmc"
        ]
      },
      "locked": {
        "lastModified": 1712097214,
        "narHash": "sha256-HulmNbgQfUNZ2t9O4cOFoV6F2+32/yu1bVUTOGnS8KI=",
        "owner": "grumnix",
        "repo": "libogg-win32",
        "rev": "e70c934408e1ab5807319d7c4b01c53cd125cc52",
        "type": "github"
      },
      "original": {
        "owner": "grumnix",
        "repo": "libogg-win32",
        "type": "github"
      }
    },
    "libogg_src": {
      "flake": false,
      "locked": {
        "lastModified": 1622776889,
        "narHash": "sha256-L8hFWoCh2VTdlsOq+cbP1eYAnciH70xlk1eSwr8YP5c=",
        "type": "tarball",
        "url": "https://downloads.xiph.org/releases/ogg/libogg-1.3.5.tar.gz"
      },
      "original": {
        "type": "tarball",
        "url": "https://downloads.xiph.org/releases/ogg/libogg-1.3.5.tar.gz"
      }
    },
    "libvorbis-win32": {
      "inputs": {
        "libogg": [
          "libogg-win32"
        ],
        "libvorbis_src": "libvorbis_src",
        "nixpkgs": [
          "nixpkgs"
        ],
        "tinycmmc": [
          "tinycmmc"
        ]
      },
      "locked": {
        "lastModified": 1712097405,
        "narHash": "sha256-TZdtYh2HUHaczKRkbfq4EOaGLTG7fOk7JOy7K1vZqMo=",
        "owner": "grumnix",
        "repo": "libvorbis-win32",
        "rev": "44265a9a7cf3dd811b826eede62653ed211b69de",
        "type": "github"
      },
      "original": {
        "owner": "grumnix",
        "repo": "libvorbis-win32",
        "type": "github"
      }
    },
    "libvorbis_src": {
      "flake": false,
      "locked": {
        "lastModified": 1593843770,
        "narHash": "sha256-xXty8sK0hmJX7jQu5+CDBslNVQ0+dZaUrbp/12xVmy0=",
        "type": "tarball",
        "url": "https://downloads.xiph.org/releases/vorbis/libvorbis-1.3.7.tar.xz"
      },
      "original": {
        "type": "tarball",
        "url": "https://downloads.xiph.org/releases/vorbis/libvorbis-1.3.7.tar.xz"
      }
    },
    "mpg123-win32": {
      "inputs": {
        "mpg123_src": "mpg123_src",
        "nixpkgs": [
          "nixpkgs"
        ],
        "tinycmmc": [
          "tinycmmc"
        ]
      },
      "locked": {
        "lastModified": 1712097214,
        "narHash": "sha256-ek27HM5IArBSSkir/77SqPbn+RO6dbanfDNgS+4VA+s=",
        "owner": "grumnix",
        "repo": "mpg123-win32",
        "rev": "af19bdda50f2397657b2f6f2cf486117bdd270fd",
        "type": "github"
      },
      "original": {
        "owner": "grumnix",
        "repo": "mpg123-win32",
        "type": "github"
      }
    },
    "mpg123_src": {
      "flake": false,
      "locked": {
        "lastModified": 1679225440,
        "narHash": "sha256-OGSGPiIZbcBhovnX+rMquDECVT0myZDpJFxMYQMK4TM=",
        "type": "tarball",
        "url": "https://downloads.sourceforge.net/project/mpg123/mpg123/1.31.3/mpg123-1.31.3.tar.bz2"
      },
      "original": {
        "type": "tarball",
        "url": "https://downloads.sourceforge.net/project/mpg123/mpg123/1.31.3/mpg123-1.31.3.tar.bz2"
      }
    },
    "nixpkgs": {
      "locked": {
        "lastModified": 1711668574,
        "narHash": "sha256-u1dfs0ASQIEr1icTVrsKwg2xToIpn7ZXxW3RHfHxshg=",
        "owner": "NixOS",
        "repo": "nixpkgs",
        "rev": "219951b495fc2eac67b1456824cc1ec1fd2ee659",
        "type": "github"
      },
      "original": {
        "owner": "NixOS",
        "ref": "nixos-23.11",
        "repo": "nixpkgs",
        "type": "github"
      }
    },
    "openal-soft-win32": {
      "inputs": {
        "nixpkgs": [
          "nixpkgs"
        ],
        "openal-soft_src": "openal-soft_src",
        "tinycmmc": [
          "tinycmmc"
        ]
      },
      "locked": {
        "lastModified": 1712097214,
        "narHash": "sha256-cuiOE7lCr25PVRgrRZ0nlT9e07oXDh20e/Tc4XoUNcs=",
        "owner": "grumnix",
        "repo": "openal-soft-win32",
        "rev": "cf2d13dc31a9cbeafcd871287ed82d8c634f0348",
        "type": "github"
      },
      "original": {
        "owner": "grumnix",
        "repo": "openal-soft-win32",
        "type": "github"
      }
    },
    "openal-soft_src": {
      "flake": false,
      "locked": {
        "lastModified": 1656318833,
        "narHash": "sha256-MVM0qCZDWcO7/Hnco+0dBqzBLcWD279xjx0slxxlc4w=",
        "owner": "kcat",
        "repo": "openal-soft",
        "rev": "dc83d99c95a42c960150ddeee06c124134b52208",
        "type": "github"
      },
      "original": {
        "owner": "kcat",
        "ref": "1.22.2",
        "repo": "openal-soft",
        "type": "github"
      }
    },
    "opus-win32": {
      "inputs": {
        "nixpkgs": [
          "nixpkgs"
        ],
        "opus_src": "opus_src",
        "tinycmmc": [
          "tinycmmc"
        ]
      },
      "locked": {
        "lastModified": 1712096980,
        "narHash": "sha256-v6i0z0A+PFAWbfoFTGcqbJ4d4HJ+ZxYeTxY5xOeQtKU=",
        "owner": "grumnix",
        "repo": "opus-win32",
        "rev": "ac173fe169c8d70083732493c4ca46dd9f591bba",
        "type": "github"
      },
      "original": {
        "owner": "grumnix",
        "repo": "opus-win32",
        "type": "github"
      }
    },
    "opus_src": {
      "flake": false,
      "locked": {
        "lastModified": 1555106623,
        "narHash": "sha256-VyHmKoRXCJ0shVfUn6cX13b0fAXIQk0Z5NLZIfy8Gh4=",
        "type": "tarball",
        "url": "https://archive.mozilla.org/pub/opus/opus-1.3.1.tar.gz"
      },
      "original": {
        "type": "tarball",
        "url": "https://archive.mozilla.org/pub/opus/opus-1.3.1.tar.gz"
      }
    },
    "opusfile-win32": {
      "inputs": {
        "libogg": [
          "libogg-win32"
        ],
        "nixpkgs": [
          "nixpkgs"
        ],
        "opus": [
          "opus-win32"
        ],
        "opusfile_src": "opusfile_src",
        "tinycmmc": [
          "tinycmmc"
        ]
      },
      "locked": {
        "lastModified": 1712097405,
        "narHash": "sha256-TpxsAQGJsfNjCJwU3W9HoORXwjlGt5uhlv+YT68mgUU=",
        "owner": "grumnix",
        "repo": "opusfile-win32",
        "rev": "1d2c63169e0799f8d17ce22cfbe3ee3dd43a513f",
        "type": "github"
      },
      "original": {
        "owner": "grumnix",
        "repo": "opusfile-win32",
        "type": "github"
      }
    },
    "opusfile_src": {
      "flake": false,
      "locked": {
        "lastModified": 1593226173,
        "narHash": "sha256-UEoOyY9DM5lINTAHIfSRK5+o622pIK2ObQ00swIcM40=",
        "type": "tarball",
        "url": "https://downloads.xiph.org/releases/opus/opusfile-0.12.tar.gz"
      },
      "original": {
        "type": "tarball",
        "url": "https://downloads.xiph.org/releases/opus/opusfile-0.12.tar.gz"
      }
    },
    "root": {
      "inputs": {
        "flake-utils": "flake-utils",
        "libmodplug-win32": "libmodplug-win32",
        "libogg-win32": "libogg-win32",
        "libvorbis-win32": "libvorbis-win32",
        "mpg123-win32": "mpg123-win32",
        "nixpkgs": "nixpkgs",
        "openal-soft-win32": "openal-soft-win32",
        "opus-win32": "opus-win32",
        "opusfile-win32": "opusfile-win32",
        "tinycmmc": "tinycmmc"
      }
    },
    "systems": {
      "locked": {
        "lastModified": 1681028828,
        "narHash": "sha256-Vy1rq5AaRuLzOxct8nz4T6wlgyUR7zLU309k9mBC768=",
        "owner": "nix-systems",
        "repo": "default",
        "rev": "da67096a3b9bf56a91d16901293e51ba5b49a27e",
        "type": "github"
      },
      "original": {
        "owner": "nix-systems",
        "repo": "default",
        "type": "github"
      }
    },
    "tinycmmc": {
      "inputs": {
        "flake-utils": [
          "flake-utils"
        ],
        "nixpkgs": [
          "nixpkgs"
        ]
      },
      "locked": {
        "lastModified": 1701699760,
        "narHash": "sha256-L0vwqcTQFOiFfRY90nBgDuUsVOYS0+S8BfVxFvaFBNM=",
        "owner": "grumbel",
        "repo": "tinycmmc",
        "rev": "9a51e13802d930feb7261ba8876940659b258cb7",
        "type": "github"
      },
      "original": {
        "owner": "grumbel",
        "repo": "tinycmmc",
        "type": "github"
      }
    }
  },
  "root": "root",
  "version": 7
}
